
Microsoft Visual Studio Solution File, Format Version 12.00
# Visual Studio Version 17
VisualStudioVersion = 17.0.31903.59
MinimumVisualStudioVersion = 10.0.40219.1
Project("{2150E333-8FDC-42A3-9474-1A3956D46DE8}") = "src", "src", "{827E0CD3-B72D-47B6-A68D-7590B98EB39B}"
EndProject
Project("{FAE04EC0-301F-11D3-BF4B-00C04F79EFBC}") = "MobileApp", "src\MobileApp\MobileApp.csproj", "{0BD75971-6A8F-4135-AE7B-657DC7F2833A}"
EndProject
Project("{FAE04EC0-301F-11D3-BF4B-00C04F79EFBC}") = "MobileApp.Desktop", "src\MobileApp.Desktop\MobileApp.Desktop.csproj", "{CD0F820D-3544-43E8-9B6B-FA7B6F1E1629}"
EndProject
Project("{FAE04EC0-301F-11D3-BF4B-00C04F79EFBC}") = "MobileApp.Android", "src\MobileApp.Android\MobileApp.Android.csproj", "{9417D67A-7CDC-47F3-8423-21EC3CB4F50D}"
EndProject
Project("{FAE04EC0-301F-11D3-BF4B-00C04F79EFBC}") = "TrueLayer", "libs\truelayer-dotnet-data\src\TrueLayer\TrueLayer.csproj", "{5D830C73-E721-4438-BC98-EF84320A444D}"
EndProject
Project("{FAE04EC0-301F-11D3-BF4B-00C04F79EFBC}") = "MobileApp.Tests", "src\MobileApp.Tests\MobileApp.Tests.csproj", "{5BED5224-9C35-4783-979F-86DC5954B953}"
EndProject
Global
	GlobalSection(SolutionConfigurationPlatforms) = preSolution
		Debug|Any CPU = Debug|Any CPU
		Debug|x64 = Debug|x64
		Debug|x86 = Debug|x86
		Release|Any CPU = Release|Any CPU
		Release|x64 = Release|x64
		Release|x86 = Release|x86
	EndGlobalSection
	GlobalSection(ProjectConfigurationPlatforms) = postSolution
		{0BD75971-6A8F-4135-AE7B-657DC7F2833A}.Debug|Any CPU.ActiveCfg = Debug|Any CPU
		{0BD75971-6A8F-4135-AE7B-657DC7F2833A}.Debug|Any CPU.Build.0 = Debug|Any CPU
		{0BD75971-6A8F-4135-AE7B-657DC7F2833A}.Debug|x64.ActiveCfg = Debug|Any CPU
		{0BD75971-6A8F-4135-AE7B-657DC7F2833A}.Debug|x64.Build.0 = Debug|Any CPU
		{0BD75971-6A8F-4135-AE7B-657DC7F2833A}.Debug|x86.ActiveCfg = Debug|Any CPU
		{0BD75971-6A8F-4135-AE7B-657DC7F2833A}.Debug|x86.Build.0 = Debug|Any CPU
		{0BD75971-6A8F-4135-AE7B-657DC7F2833A}.Release|Any CPU.ActiveCfg = Release|Any CPU
		{0BD75971-6A8F-4135-AE7B-657DC7F2833A}.Release|Any CPU.Build.0 = Release|Any CPU
		{0BD75971-6A8F-4135-AE7B-657DC7F2833A}.Release|x64.ActiveCfg = Release|Any CPU
		{0BD75971-6A8F-4135-AE7B-657DC7F2833A}.Release|x64.Build.0 = Release|Any CPU
		{0BD75971-6A8F-4135-AE7B-657DC7F2833A}.Release|x86.ActiveCfg = Release|Any CPU
		{0BD75971-6A8F-4135-AE7B-657DC7F2833A}.Release|x86.Build.0 = Release|Any CPU
		{CD0F820D-3544-43E8-9B6B-FA7B6F1E1629}.Debug|Any CPU.ActiveCfg = Debug|Any CPU
		{CD0F820D-3544-43E8-9B6B-FA7B6F1E1629}.Debug|Any CPU.Build.0 = Debug|Any CPU
		{CD0F820D-3544-43E8-9B6B-FA7B6F1E1629}.Debug|x64.ActiveCfg = Debug|Any CPU
		{CD0F820D-3544-43E8-9B6B-FA7B6F1E1629}.Debug|x64.Build.0 = Debug|Any CPU
		{CD0F820D-3544-43E8-9B6B-FA7B6F1E1629}.Debug|x86.ActiveCfg = Debug|Any CPU
		{CD0F820D-3544-43E8-9B6B-FA7B6F1E1629}.Debug|x86.Build.0 = Debug|Any CPU
		{CD0F820D-3544-43E8-9B6B-FA7B6F1E1629}.Release|Any CPU.ActiveCfg = Release|Any CPU
		{CD0F820D-3544-43E8-9B6B-FA7B6F1E1629}.Release|Any CPU.Build.0 = Release|Any CPU
		{CD0F820D-3544-43E8-9B6B-FA7B6F1E1629}.Release|x64.ActiveCfg = Release|Any CPU
		{CD0F820D-3544-43E8-9B6B-FA7B6F1E1629}.Release|x64.Build.0 = Release|Any CPU
		{CD0F820D-3544-43E8-9B6B-FA7B6F1E1629}.Release|x86.ActiveCfg = Release|Any CPU
		{CD0F820D-3544-43E8-9B6B-FA7B6F1E1629}.Release|x86.Build.0 = Release|Any CPU
		{9417D67A-7CDC-47F3-8423-21EC3CB4F50D}.Debug|Any CPU.ActiveCfg = Debug|Any CPU
		{9417D67A-7CDC-47F3-8423-21EC3CB4F50D}.Debug|Any CPU.Build.0 = Debug|Any CPU
		{9417D67A-7CDC-47F3-8423-21EC3CB4F50D}.Debug|x64.ActiveCfg = Debug|Any CPU
		{9417D67A-7CDC-47F3-8423-21EC3CB4F50D}.Debug|x64.Build.0 = Debug|Any CPU
		{9417D67A-7CDC-47F3-8423-21EC3CB4F50D}.Debug|x86.ActiveCfg = Debug|Any CPU
		{9417D67A-7CDC-47F3-8423-21EC3CB4F50D}.Debug|x86.Build.0 = Debug|Any CPU
		{9417D67A-7CDC-47F3-8423-21EC3CB4F50D}.Release|Any CPU.ActiveCfg = Release|Any CPU
		{9417D67A-7CDC-47F3-8423-21EC3CB4F50D}.Release|Any CPU.Build.0 = Release|Any CPU
		{9417D67A-7CDC-47F3-8423-21EC3CB4F50D}.Release|x64.ActiveCfg = Release|Any CPU
		{9417D67A-7CDC-47F3-8423-21EC3CB4F50D}.Release|x64.Build.0 = Release|Any CPU
		{9417D67A-7CDC-47F3-8423-21EC3CB4F50D}.Release|x86.ActiveCfg = Release|Any CPU
		{9417D67A-7CDC-47F3-8423-21EC3CB4F50D}.Release|x86.Build.0 = Release|Any CPU
		{5D830C73-E721-4438-BC98-EF84320A444D}.Debug|Any CPU.ActiveCfg = Debug|Any CPU
		{5D830C73-E721-4438-BC98-EF84320A444D}.Debug|Any CPU.Build.0 = Debug|Any CPU
		{5D830C73-E721-4438-BC98-EF84320A444D}.Debug|x64.ActiveCfg = Debug|Any CPU
		{5D830C73-E721-4438-BC98-EF84320A444D}.Debug|x64.Build.0 = Debug|Any CPU
		{5D830C73-E721-4438-BC98-EF84320A444D}.Debug|x86.ActiveCfg = Debug|Any CPU
		{5D830C73-E721-4438-BC98-EF84320A444D}.Debug|x86.Build.0 = Debug|Any CPU
		{5D830C73-E721-4438-BC98-EF84320A444D}.Release|Any CPU.ActiveCfg = Release|Any CPU
		{5D830C73-E721-4438-BC98-EF84320A444D}.Release|Any CPU.Build.0 = Release|Any CPU
		{5D830C73-E721-4438-BC98-EF84320A444D}.Release|x64.ActiveCfg = Release|Any CPU
		{5D830C73-E721-4438-BC98-EF84320A444D}.Release|x64.Build.0 = Release|Any CPU
		{5D830C73-E721-4438-BC98-EF84320A444D}.Release|x86.ActiveCfg = Release|Any CPU
		{5D830C73-E721-4438-BC98-EF84320A444D}.Release|x86.Build.0 = Release|Any CPU
		{5BED5224-9C35-4783-979F-86DC5954B953}.Debug|Any CPU.ActiveCfg = Debug|Any CPU
		{5BED5224-9C35-4783-979F-86DC5954B953}.Debug|Any CPU.Build.0 = Debug|Any CPU
		{5BED5224-9C35-4783-979F-86DC5954B953}.Debug|x64.ActiveCfg = Debug|Any CPU
		{5BED5224-9C35-4783-979F-86DC5954B953}.Debug|x64.Build.0 = Debug|Any CPU
		{5BED5224-9C35-4783-979F-86DC5954B953}.Debug|x86.ActiveCfg = Debug|Any CPU
		{5BED5224-9C35-4783-979F-86DC5954B953}.Debug|x86.Build.0 = Debug|Any CPU
		{5BED5224-9C35-4783-979F-86DC5954B953}.Release|Any CPU.ActiveCfg = Release|Any CPU
		{5BED5224-9C35-4783-979F-86DC5954B953}.Release|Any CPU.Build.0 = Release|Any CPU
		{5BED5224-9C35-4783-979F-86DC5954B953}.Release|x64.ActiveCfg = Release|Any CPU
		{5BED5224-9C35-4783-979F-86DC5954B953}.Release|x64.Build.0 = Release|Any CPU
		{5BED5224-9C35-4783-979F-86DC5954B953}.Release|x86.ActiveCfg = Release|Any CPU
		{5BED5224-9C35-4783-979F-86DC5954B953}.Release|x86.Build.0 = Release|Any CPU
	EndGlobalSection
	GlobalSection(SolutionProperties) = preSolution
		HideSolutionNode = FALSE
	EndGlobalSection
	GlobalSection(NestedProjects) = preSolution
		{0BD75971-6A8F-4135-AE7B-657DC7F2833A} = {827E0CD3-B72D-47B6-A68D-7590B98EB39B}
		{CD0F820D-3544-43E8-9B6B-FA7B6F1E1629} = {827E0CD3-B72D-47B6-A68D-7590B98EB39B}
		{9417D67A-7CDC-47F3-8423-21EC3CB4F50D} = {827E0CD3-B72D-47B6-A68D-7590B98EB39B}
		{5D830C73-E721-4438-BC98-EF84320A444D} = {827E0CD3-B72D-47B6-A68D-7590B98EB39B}
		{5BED5224-9C35-4783-979F-86DC5954B953} = {827E0CD3-B72D-47B6-A68D-7590B98EB39B}
	EndGlobalSection
EndGlobal
